// !$*UTF8*$!
{
	archiveVersion = 1;
	classes = {
	};
	objectVersion = 56;
	objects = {

/* Begin PBXBuildFile section */
		3B1FFB652A08E6D00091F676 /* AppDelegate.swift in Sources */ = {isa = PBXBuildFile; fileRef = 3B1FFB642A08E6D00091F676 /* AppDelegate.swift */; };
		3B1FFB672A08E6D00091F676 /* SceneDelegate.swift in Sources */ = {isa = PBXBuildFile; fileRef = 3B1FFB662A08E6D00091F676 /* SceneDelegate.swift */; };
		3B1FFB692A08E6D00091F676 /* ViewController.swift in Sources */ = {isa = PBXBuildFile; fileRef = 3B1FFB682A08E6D00091F676 /* ViewController.swift */; };
		3B1FFB6C2A08E6D00091F676 /* Main.storyboard in Resources */ = {isa = PBXBuildFile; fileRef = 3B1FFB6A2A08E6D00091F676 /* Main.storyboard */; };
		3B1FFB6E2A08E6D10091F676 /* Assets.xcassets in Resources */ = {isa = PBXBuildFile; fileRef = 3B1FFB6D2A08E6D10091F676 /* Assets.xcassets */; };
		3B1FFB712A08E6D10091F676 /* LaunchScreen.storyboard in Resources */ = {isa = PBXBuildFile; fileRef = 3B1FFB6F2A08E6D10091F676 /* LaunchScreen.storyboard */; };
/* End PBXBuildFile section */

/* Begin PBXContainerItemProxy section */
		3B1FFB782A08E6D10091F676 /* PBXContainerItemProxy */ = {
			isa = PBXContainerItemProxy;
			containerPortal = 3B1FFB592A08E6D00091F676 /* Project object */;
			proxyType = 1;
			remoteGlobalIDString = 3B1FFB602A08E6D00091F676;
			remoteInfo = "maraphon#3";
		};
		3B1FFB822A08E6D10091F676 /* PBXContainerItemProxy */ = {
			isa = PBXContainerItemProxy;
			containerPortal = 3B1FFB592A08E6D00091F676 /* Project object */;
			proxyType = 1;
			remoteGlobalIDString = 3B1FFB602A08E6D00091F676;
			remoteInfo = "maraphon#3";
		};
/* End PBXContainerItemProxy section */

/* Begin PBXFileReference section */
		3B1FFB612A08E6D00091F676 /* maraphon#3.app */ = {isa = PBXFileReference; explicitFileType = wrapper.application; includeInIndex = 0; path = "maraphon#3.app"; sourceTree = BUILT_PRODUCTS_DIR; };
		3B1FFB642A08E6D00091F676 /* AppDelegate.swift */ = {isa = PBXFileReference; lastKnownFileType = sourcecode.swift; path = AppDelegate.swift; sourceTree = "<group>"; };
		3B1FFB662A08E6D00091F676 /* SceneDelegate.swift */ = {isa = PBXFileReference; lastKnownFileType = sourcecode.swift; path = SceneDelegate.swift; sourceTree = "<group>"; };
		3B1FFB682A08E6D00091F676 /* ViewController.swift */ = {isa = PBXFileReference; lastKnownFileType = sourcecode.swift; path = ViewController.swift; sourceTree = "<group>"; };
		3B1FFB6B2A08E6D00091F676 /* Base */ = {isa = PBXFileReference; lastKnownFileType = file.storyboard; name = Base; path = Base.lproj/Main.storyboard; sourceTree = "<group>"; };
		3B1FFB6D2A08E6D10091F676 /* Assets.xcassets */ = {isa = PBXFileReference; lastKnownFileType = folder.assetcatalog; path = Assets.xcassets; sourceTree = "<group>"; };
		3B1FFB702A08E6D10091F676 /* Base */ = {isa = PBXFileReference; lastKnownFileType = file.storyboard; name = Base; path = Base.lproj/LaunchScreen.storyboard; sourceTree = "<group>"; };
		3B1FFB722A08E6D10091F676 /* Info.plist */ = {isa = PBXFileReference; lastKnownFileType = text.plist.xml; path = Info.plist; sourceTree = "<group>"; };
		3B1FFB772A08E6D10091F676 /* maraphon#3Tests.xctest */ = {isa = PBXFileReference; explicitFileType = wrapper.cfbundle; includeInIndex = 0; path = "maraphon#3Tests.xctest"; sourceTree = BUILT_PRODUCTS_DIR; };
		3B1FFB812A08E6D10091F676 /* maraphon#3UITests.xctest */ = {isa = PBXFileReference; explicitFileType = wrapper.cfbundle; includeInIndex = 0; path = "maraphon#3UITests.xctest"; sourceTree = BUILT_PRODUCTS_DIR; };
/* End PBXFileReference section */

/* Begin PBXFrameworksBuildPhase section */
		3B1FFB5E2A08E6D00091F676 /* Frameworks */ = {
			isa = PBXFrameworksBuildPhase;
			buildActionMask = 2147483647;
			files = (
			);
			runOnlyForDeploymentPostprocessing = 0;
		};
		3B1FFB742A08E6D10091F676 /* Frameworks */ = {
			isa = PBXFrameworksBuildPhase;
			buildActionMask = 2147483647;
			files = (
			);
			runOnlyForDeploymentPostprocessing = 0;
		};
		3B1FFB7E2A08E6D10091F676 /* Frameworks */ = {
			isa = PBXFrameworksBuildPhase;
			buildActionMask = 2147483647;
			files = (
			);
			runOnlyForDeploymentPostprocessing = 0;
		};
/* End PBXFrameworksBuildPhase section */

/* Begin PBXGroup section */
		3B1FFB582A08E6D00091F676 = {
			isa = PBXGroup;
			children = (
				3B1FFB632A08E6D00091F676 /* maraphon#3 */,
				3B1FFB622A08E6D00091F676 /* Products */,
			);
			sourceTree = "<group>";
		};
		3B1FFB622A08E6D00091F676 /* Products */ = {
			isa = PBXGroup;
			children = (
				3B1FFB612A08E6D00091F676 /* maraphon#3.app */,
				3B1FFB772A08E6D10091F676 /* maraphon#3Tests.xctest */,
				3B1FFB812A08E6D10091F676 /* maraphon#3UITests.xctest */,
			);
			name = Products;
			sourceTree = "<group>";
		};
		3B1FFB632A08E6D00091F676 /* maraphon#3 */ = {
			isa = PBXGroup;
			children = (
				3B1FFB642A08E6D00091F676 /* AppDelegate.swift */,
				3B1FFB662A08E6D00091F676 /* SceneDelegate.swift */,
				3B1FFB682A08E6D00091F676 /* ViewController.swift */,
				3B1FFB6A2A08E6D00091F676 /* Main.storyboard */,
				3B1FFB6D2A08E6D10091F676 /* Assets.xcassets */,
				3B1FFB6F2A08E6D10091F676 /* LaunchScreen.storyboard */,
				3B1FFB722A08E6D10091F676 /* Info.plist */,
			);
			path = "maraphon#3";
			sourceTree = "<group>";
		};
/* End PBXGroup section */

/* Begin PBXNativeTarget section */
		3B1FFB602A08E6D00091F676 /* maraphon#3 */ = {
			isa = PBXNativeTarget;
			buildConfigurationList = 3B1FFB8B2A08E6D10091F676 /* Build configuration list for PBXNativeTarget "maraphon#3" */;
			buildPhases = (
				3B1FFB5D2A08E6D00091F676 /* Sources */,
				3B1FFB5E2A08E6D00091F676 /* Frameworks */,
				3B1FFB5F2A08E6D00091F676 /* Resources */,
			);
			buildRules = (
			);
			dependencies = (
			);
			name = "maraphon#3";
			productName = "maraphon#3";
			productReference = 3B1FFB612A08E6D00091F676 /* maraphon#3.app */;
			productType = "com.apple.product-type.application";
		};
		3B1FFB762A08E6D10091F676 /* maraphon#3Tests */ = {
			isa = PBXNativeTarget;
			buildConfigurationList = 3B1FFB8E2A08E6D10091F676 /* Build configuration list for PBXNativeTarget "maraphon#3Tests" */;
			buildPhases = (
				3B1FFB732A08E6D10091F676 /* Sources */,
				3B1FFB742A08E6D10091F676 /* Frameworks */,
				3B1FFB752A08E6D10091F676 /* Resources */,
			);
			buildRules = (
			);
			dependencies = (
				3B1FFB792A08E6D10091F676 /* PBXTargetDependency */,
			);
			name = "maraphon#3Tests";
			productName = "maraphon#3Tests";
			productReference = 3B1FFB772A08E6D10091F676 /* maraphon#3Tests.xctest */;
			productType = "com.apple.product-type.bundle.unit-test";
		};
		3B1FFB802A08E6D10091F676 /* maraphon#3UITests */ = {
			isa = PBXNativeTarget;
			buildConfigurationList = 3B1FFB912A08E6D10091F676 /* Build configuration list for PBXNativeTarget "maraphon#3UITests" */;
			buildPhases = (
				3B1FFB7D2A08E6D10091F676 /* Sources */,
				3B1FFB7E2A08E6D10091F676 /* Frameworks */,
				3B1FFB7F2A08E6D10091F676 /* Resources */,
			);
			buildRules = (
			);
			dependencies = (
				3B1FFB832A08E6D10091F676 /* PBXTargetDependency */,
			);
			name = "maraphon#3UITests";
			productName = "maraphon#3UITests";
			productReference = 3B1FFB812A08E6D10091F676 /* maraphon#3UITests.xctest */;
			productType = "com.apple.product-type.bundle.ui-testing";
		};
/* End PBXNativeTarget section */

/* Begin PBXProject section */
		3B1FFB592A08E6D00091F676 /* Project object */ = {
			isa = PBXProject;
			attributes = {
				BuildIndependentTargetsInParallel = 1;
				LastSwiftUpdateCheck = 1430;
				LastUpgradeCheck = 1430;
				TargetAttributes = {
					3B1FFB602A08E6D00091F676 = {
						CreatedOnToolsVersion = 14.3;
					};
					3B1FFB762A08E6D10091F676 = {
						CreatedOnToolsVersion = 14.3;
						TestTargetID = 3B1FFB602A08E6D00091F676;
					};
					3B1FFB802A08E6D10091F676 = {
						CreatedOnToolsVersion = 14.3;
						TestTargetID = 3B1FFB602A08E6D00091F676;
					};
				};
			};
			buildConfigurationList = 3B1FFB5C2A08E6D00091F676 /* Build configuration list for PBXProject "maraphon#3" */;
			compatibilityVersion = "Xcode 14.0";
			developmentRegion = en;
			hasScannedForEncodings = 0;
			knownRegions = (
				en,
				Base,
			);
			mainGroup = 3B1FFB582A08E6D00091F676;
			productRefGroup = 3B1FFB622A08E6D00091F676 /* Products */;
			projectDirPath = "";
			projectRoot = "";
			targets = (
				3B1FFB602A08E6D00091F676 /* maraphon#3 */,
				3B1FFB762A08E6D10091F676 /* maraphon#3Tests */,
				3B1FFB802A08E6D10091F676 /* maraphon#3UITests */,
			);
		};
/* End PBXProject section */

/* Begin PBXResourcesBuildPhase section */
		3B1FFB5F2A08E6D00091F676 /* Resources */ = {
			isa = PBXResourcesBuildPhase;
			buildActionMask = 2147483647;
			files = (
				3B1FFB712A08E6D10091F676 /* LaunchScreen.storyboard in Resources */,
				3B1FFB6E2A08E6D10091F676 /* Assets.xcassets in Resources */,
				3B1FFB6C2A08E6D00091F676 /* Main.storyboard in Resources */,
			);
			runOnlyForDeploymentPostprocessing = 0;
		};
		3B1FFB752A08E6D10091F676 /* Resources */ = {
			isa = PBXResourcesBuildPhase;
			buildActionMask = 2147483647;
			files = (
			);
			runOnlyForDeploymentPostprocessing = 0;
		};
		3B1FFB7F2A08E6D10091F676 /* Resources */ = {
			isa = PBXResourcesBuildPhase;
			buildActionMask = 2147483647;
			files = (
			);
			runOnlyForDeploymentPostprocessing = 0;
		};
/* End PBXResourcesBuildPhase section */

/* Begin PBXSourcesBuildPhase section */
		3B1FFB5D2A08E6D00091F676 /* Sources */ = {
			isa = PBXSourcesBuildPhase;
			buildActionMask = 2147483647;
			files = (
				3B1FFB692A08E6D00091F676 /* ViewController.swift in Sources */,
				3B1FFB652A08E6D00091F676 /* AppDelegate.swift in Sources */,
				3B1FFB672A08E6D00091F676 /* SceneDelegate.swift in Sources */,
			);
			runOnlyForDeploymentPostprocessing = 0;
		};
		3B1FFB732A08E6D10091F676 /* Sources */ = {
			isa = PBXSourcesBuildPhase;
			buildActionMask = 2147483647;
			files = (
			);
			runOnlyForDeploymentPostprocessing = 0;
		};
		3B1FFB7D2A08E6D10091F676 /* Sources */ = {
			isa = PBXSourcesBuildPhase;
			buildActionMask = 2147483647;
			files = (
			);
			runOnlyForDeploymentPostprocessing = 0;
		};
/* End PBXSourcesBuildPhase section */

/* Begin PBXTargetDependency section */
		3B1FFB792A08E6D10091F676 /* PBXTargetDependency */ = {
			isa = PBXTargetDependency;
			target = 3B1FFB602A08E6D00091F676 /* maraphon#3 */;
			targetProxy = 3B1FFB782A08E6D10091F676 /* PBXContainerItemProxy */;
		};
		3B1FFB832A08E6D10091F676 /* PBXTargetDependency */ = {
			isa = PBXTargetDependency;
			target = 3B1FFB602A08E6D00091F676 /* maraphon#3 */;
			targetProxy = 3B1FFB822A08E6D10091F676 /* PBXContainerItemProxy */;
		};
/* End PBXTargetDependency section */

/* Begin PBXVariantGroup section */
		3B1FFB6A2A08E6D00091F676 /* Main.storyboard */ = {
			isa = PBXVariantGroup;
			children = (
				3B1FFB6B2A08E6D00091F676 /* Base */,
			);
			name = Main.storyboard;
			sourceTree = "<group>";
		};
		3B1FFB6F2A08E6D10091F676 /* LaunchScreen.storyboard */ = {
			isa = PBXVariantGroup;
			children = (
				3B1FFB702A08E6D10091F676 /* Base */,
			);
			name = LaunchScreen.storyboard;
			sourceTree = "<group>";
		};
/* End PBXVariantGroup section */

/* Begin XCBuildConfiguration section */
		3B1FFB892A08E6D10091F676 /* Debug */ = {
			isa = XCBuildConfiguration;
			buildSettings = {
				ALWAYS_SEARCH_USER_PATHS = NO;
				CLANG_ANALYZER_NONNULL = YES;
				CLANG_ANALYZER_NUMBER_OBJECT_CONVERSION = YES_AGGRESSIVE;
				CLANG_CXX_LANGUAGE_STANDARD = "gnu++20";
				CLANG_ENABLE_MODULES = YES;
				CLANG_ENABLE_OBJC_ARC = YES;
				CLANG_ENABLE_OBJC_WEAK = YES;
				CLANG_WARN_BLOCK_CAPTURE_AUTORELEASING = YES;
				CLANG_WARN_BOOL_CONVERSION = YES;
				CLANG_WARN_COMMA = YES;
				CLANG_WARN_CONSTANT_CONVERSION = YES;
				CLANG_WARN_DEPRECATED_OBJC_IMPLEMENTATIONS = YES;
				CLANG_WARN_DIRECT_OBJC_ISA_USAGE = YES_ERROR;
				CLANG_WARN_DOCUMENTATION_COMMENTS = YES;
				CLANG_WARN_EMPTY_BODY = YES;
				CLANG_WARN_ENUM_CONVERSION = YES;
				CLANG_WARN_INFINITE_RECURSION = YES;
				CLANG_WARN_INT_CONVERSION = YES;
				CLANG_WARN_NON_LITERAL_NULL_CONVERSION = YES;
				CLANG_WARN_OBJC_IMPLICIT_RETAIN_SELF = YES;
				CLANG_WARN_OBJC_LITERAL_CONVERSION = YES;
				CLANG_WARN_OBJC_ROOT_CLASS = YES_ERROR;
				CLANG_WARN_QUOTED_INCLUDE_IN_FRAMEWORK_HEADER = YES;
				CLANG_WARN_RANGE_LOOP_ANALYSIS = YES;
				CLANG_WARN_STRICT_PROTOTYPES = YES;
				CLANG_WARN_SUSPICIOUS_MOVE = YES;
				CLANG_WARN_UNGUARDED_AVAILABILITY = YES_AGGRESSIVE;
				CLANG_WARN_UNREACHABLE_CODE = YES;
				CLANG_WARN__DUPLICATE_METHOD_MATCH = YES;
				COPY_PHASE_STRIP = NO;
				DEBUG_INFORMATION_FORMAT = dwarf;
				ENABLE_STRICT_OBJC_MSGSEND = YES;
				ENABLE_TESTABILITY = YES;
				GCC_C_LANGUAGE_STANDARD = gnu11;
				GCC_DYNAMIC_NO_PIC = NO;
				GCC_NO_COMMON_BLOCKS = YES;
				GCC_OPTIMIZATION_LEVEL = 0;
				GCC_PREPROCESSOR_DEFINITIONS = (
					"DEBUG=1",
					"$(inherited)",
				);
				GCC_WARN_64_TO_32_BIT_CONVERSION = YES;
				GCC_WARN_ABOUT_RETURN_TYPE = YES_ERROR;
				GCC_WARN_UNDECLARED_SELECTOR = YES;
				GCC_WARN_UNINITIALIZED_AUTOS = YES_AGGRESSIVE;
				GCC_WARN_UNUSED_FUNCTION = YES;
				GCC_WARN_UNUSED_VARIABLE = YES;
				IPHONEOS_DEPLOYMENT_TARGET = 16.4;
				MTL_ENABLE_DEBUG_INFO = INCLUDE_SOURCE;
				MTL_FAST_MATH = YES;
				ONLY_ACTIVE_ARCH = YES;
				SDKROOT = iphoneos;
				SWIFT_ACTIVE_COMPILATION_CONDITIONS = DEBUG;
				SWIFT_OPTIMIZATION_LEVEL = "-Onone";
			};
			name = Debug;
		};
		3B1FFB8A2A08E6D10091F676 /* Release */ = {
			isa = XCBuildConfiguration;
			buildSettings = {
				ALWAYS_SEARCH_USER_PATHS = NO;
				CLANG_ANALYZER_NONNULL = YES;
				CLANG_ANALYZER_NUMBER_OBJECT_CONVERSION = YES_AGGRESSIVE;
				CLANG_CXX_LANGUAGE_STANDARD = "gnu++20";
				CLANG_ENABLE_MODULES = YES;
				CLANG_ENABLE_OBJC_ARC = YES;
				CLANG_ENABLE_OBJC_WEAK = YES;
				CLANG_WARN_BLOCK_CAPTURE_AUTORELEASING = YES;
				CLANG_WARN_BOOL_CONVERSION = YES;
				CLANG_WARN_COMMA = YES;
				CLANG_WARN_CONSTANT_CONVERSION = YES;
				CLANG_WARN_DEPRECATED_OBJC_IMPLEMENTATIONS = YES;
				CLANG_WARN_DIRECT_OBJC_ISA_USAGE = YES_ERROR;
				CLANG_WARN_DOCUMENTATION_COMMENTS = YES;
				CLANG_WARN_EMPTY_BODY = YES;
				CLANG_WARN_ENUM_CONVERSION = YES;
				CLANG_WARN_INFINITE_RECURSION = YES;
				CLANG_WARN_INT_CONVERSION = YES;
				CLANG_WARN_NON_LITERAL_NULL_CONVERSION = YES;
				CLANG_WARN_OBJC_IMPLICIT_RETAIN_SELF = YES;
				CLANG_WARN_OBJC_LITERAL_CONVERSION = YES;
				CLANG_WARN_OBJC_ROOT_CLASS = YES_ERROR;
				CLANG_WARN_QUOTED_INCLUDE_IN_FRAMEWORK_HEADER = YES;
				CLANG_WARN_RANGE_LOOP_ANALYSIS = YES;
				CLANG_WARN_STRICT_PROTOTYPES = YES;
				CLANG_WARN_SUSPICIOUS_MOVE = YES;
				CLANG_WARN_UNGUARDED_AVAILABILITY = YES_AGGRESSIVE;
				CLANG_WARN_UNREACHABLE_CODE = YES;
				CLANG_WARN__DUPLICATE_METHOD_MATCH = YES;
				COPY_PHASE_STRIP = NO;
				DEBUG_INFORMATION_FORMAT = "dwarf-with-dsym";
				ENABLE_NS_ASSERTIONS = NO;
				ENABLE_STRICT_OBJC_MSGSEND = YES;
				GCC_C_LANGUAGE_STANDARD = gnu11;
				GCC_NO_COMMON_BLOCKS = YES;
				GCC_WARN_64_TO_32_BIT_CONVERSION = YES;
				GCC_WARN_ABOUT_RETURN_TYPE = YES_ERROR;
				GCC_WARN_UNDECLARED_SELECTOR = YES;
				GCC_WARN_UNINITIALIZED_AUTOS = YES_AGGRESSIVE;
				GCC_WARN_UNUSED_FUNCTION = YES;
				GCC_WARN_UNUSED_VARIABLE = YES;
				IPHONEOS_DEPLOYMENT_TARGET = 16.4;
				MTL_ENABLE_DEBUG_INFO = NO;
				MTL_FAST_MATH = YES;
				SDKROOT = iphoneos;
				SWIFT_COMPILATION_MODE = wholemodule;
				SWIFT_OPTIMIZATION_LEVEL = "-O";
				VALIDATE_PRODUCT = YES;
			};
			name = Release;
		};
		3B1FFB8C2A08E6D10091F676 /* Debug */ = {
			isa = XCBuildConfiguration;
			buildSettings = {
				ASSETCATALOG_COMPILER_APPICON_NAME = AppIcon;
				ASSETCATALOG_COMPILER_GLOBAL_ACCENT_COLOR_NAME = AccentColor;
				CODE_SIGN_STYLE = Automatic;
				CURRENT_PROJECT_VERSION = 1;
				DEVELOPMENT_TEAM = BHK675K292;
				GENERATE_INFOPLIST_FILE = YES;
				INFOPLIST_FILE = "maraphon#3/Info.plist";
				INFOPLIST_KEY_UIApplicationSupportsIndirectInputEvents = YES;
				INFOPLIST_KEY_UILaunchStoryboardName = LaunchScreen;
				INFOPLIST_KEY_UISupportedInterfaceOrientations_iPad = "UIInterfaceOrientationPortrait UIInterfaceOrientationPortraitUpsideDown UIInterfaceOrientationLandscapeLeft UIInterfaceOrientationLandscapeRight";
				INFOPLIST_KEY_UISupportedInterfaceOrientations_iPhone = "UIInterfaceOrientationPortrait UIInterfaceOrientationLandscapeLeft UIInterfaceOrientationLandscapeRight";
				LD_RUNPATH_SEARCH_PATHS = (
					"$(inherited)",
					"@executable_path/Frameworks",
				);
				MARKETING_VERSION = 1.0;
				PRODUCT_BUNDLE_IDENTIFIER = "gg.maraphon-3";
				PRODUCT_NAME = "$(TARGET_NAME)";
				SWIFT_EMIT_LOC_STRINGS = YES;
				SWIFT_VERSION = 5.0;
				TARGETED_DEVICE_FAMILY = "1,2";
			};
			name = Debug;
		};
		3B1FFB8D2A08E6D10091F676 /* Release */ = {
			isa = XCBuildConfiguration;
			buildSettings = {
				ASSETCATALOG_COMPILER_APPICON_NAME = AppIcon;
				ASSETCATALOG_COMPILER_GLOBAL_ACCENT_COLOR_NAME = AccentColor;
				CODE_SIGN_STYLE = Automatic;
				CURRENT_PROJECT_VERSION = 1;
				DEVELOPMENT_TEAM = BHK675K292;
				GENERATE_INFOPLIST_FILE = YES;
				INFOPLIST_FILE = "maraphon#3/Info.plist";
				INFOPLIST_KEY_UIApplicationSupportsIndirectInputEvents = YES;
				INFOPLIST_KEY_UILaunchStoryboardName = LaunchScreen;
				INFOPLIST_KEY_UISupportedInterfaceOrientations_iPad = "UIInterfaceOrientationPortrait UIInterfaceOrientationPortraitUpsideDown UIInterfaceOrientationLandscapeLeft UIInterfaceOrientationLandscapeRight";
				INFOPLIST_KEY_UISupportedInterfaceOrientations_iPhone = "UIInterfaceOrientationPortrait UIInterfaceOrientationLandscapeLeft UIInterfaceOrientationLandscapeRight";
				LD_RUNPATH_SEARCH_PATHS = (
					"$(inherited)",
					"@executable_path/Frameworks",
				);
				MARKETING_VERSION = 1.0;
				PRODUCT_BUNDLE_IDENTIFIER = "gg.maraphon-3";
				PRODUCT_NAME = "$(TARGET_NAME)";
				SWIFT_EMIT_LOC_STRINGS = YES;
				SWIFT_VERSION = 5.0;
				TARGETED_DEVICE_FAMILY = "1,2";
			};
			name = Release;
		};
		3B1FFB8F2A08E6D10091F676 /* Debug */ = {
			isa = XCBuildConfiguration;
			buildSettings = {
				ALWAYS_EMBED_SWIFT_STANDARD_LIBRARIES = YES;
				BUNDLE_LOADER = "$(TEST_HOST)";
				CODE_SIGN_STYLE = Automatic;
				CURRENT_PROJECT_VERSION = 1;
				DEVELOPMENT_TEAM = BHK675K292;
				GENERATE_INFOPLIST_FILE = YES;
				IPHONEOS_DEPLOYMENT_TARGET = 16.4;
				MARKETING_VERSION = 1.0;
				PRODUCT_BUNDLE_IDENTIFIER = "gg.maraphon-3Tests";
				PRODUCT_NAME = "$(TARGET_NAME)";
				SWIFT_EMIT_LOC_STRINGS = NO;
				SWIFT_VERSION = 5.0;
				TARGETED_DEVICE_FAMILY = "1,2";
				TEST_HOST = "$(BUILT_PRODUCTS_DIR)/maraphon#3.app/$(BUNDLE_EXECUTABLE_FOLDER_PATH)/maraphon#3";
			};
			name = Debug;
		};
		3B1FFB902A08E6D10091F676 /* Release */ = {
			isa = XCBuildConfiguration;
			buildSettings = {
				ALWAYS_EMBED_SWIFT_STANDARD_LIBRARIES = YES;
				BUNDLE_LOADER = "$(TEST_HOST)";
				CODE_SIGN_STYLE = Automatic;
				CURRENT_PROJECT_VERSION = 1;
				DEVELOPMENT_TEAM = BHK675K292;
				GENERATE_INFOPLIST_FILE = YES;
				IPHONEOS_DEPLOYMENT_TARGET = 16.4;
				MARKETING_VERSION = 1.0;
				PRODUCT_BUNDLE_IDENTIFIER = "gg.maraphon-3Tests";
				PRODUCT_NAME = "$(TARGET_NAME)";
				SWIFT_EMIT_LOC_STRINGS = NO;
				SWIFT_VERSION = 5.0;
				TARGETED_DEVICE_FAMILY = "1,2";
				TEST_HOST = "$(BUILT_PRODUCTS_DIR)/maraphon#3.app/$(BUNDLE_EXECUTABLE_FOLDER_PATH)/maraphon#3";
			};
			name = Release;
		};
		3B1FFB922A08E6D10091F676 /* Debug */ = {
			isa = XCBuildConfiguration;
			buildSettings = {
				ALWAYS_EMBED_SWIFT_STANDARD_LIBRARIES = YES;
				CODE_SIGN_STYLE = Automatic;
				CURRENT_PROJECT_VERSION = 1;
				DEVELOPMENT_TEAM = BHK675K292;
				GENERATE_INFOPLIST_FILE = YES;
				MARKETING_VERSION = 1.0;
				PRODUCT_BUNDLE_IDENTIFIER = "gg.maraphon-3UITests";
				PRODUCT_NAME = "$(TARGET_NAME)";
				SWIFT_EMIT_LOC_STRINGS = NO;
				SWIFT_VERSION = 5.0;
				TARGETED_DEVICE_FAMILY = "1,2";
				TEST_TARGET_NAME = "maraphon#3";
			};
			name = Debug;
		};
		3B1FFB932A08E6D10091F676 /* Release */ = {
			isa = XCBuildConfiguration;
			buildSettings = {
				ALWAYS_EMBED_SWIFT_STANDARD_LIBRARIES = YES;
				CODE_SIGN_STYLE = Automatic;
				CURRENT_PROJECT_VERSION = 1;
				DEVELOPMENT_TEAM = BHK675K292;
				GENERATE_INFOPLIST_FILE = YES;
				MARKETING_VERSION = 1.0;
				PRODUCT_BUNDLE_IDENTIFIER = "gg.maraphon-3UITests";
				PRODUCT_NAME = "$(TARGET_NAME)";
				SWIFT_EMIT_LOC_STRINGS = NO;
				SWIFT_VERSION = 5.0;
				TARGETED_DEVICE_FAMILY = "1,2";
				TEST_TARGET_NAME = "maraphon#3";
			};
			name = Release;
		};
/* End XCBuildConfiguration section */

/* Begin XCConfigurationList section */
		3B1FFB5C2A08E6D00091F676 /* Build configuration list for PBXProject "maraphon#3" */ = {
			isa = XCConfigurationList;
			buildConfigurations = (
				3B1FFB892A08E6D10091F676 /* Debug */,
				3B1FFB8A2A08E6D10091F676 /* Release */,
			);
			defaultConfigurationIsVisible = 0;
			defaultConfigurationName = Release;
		};
		3B1FFB8B2A08E6D10091F676 /* Build configuration list for PBXNativeTarget "maraphon#3" */ = {
			isa = XCConfigurationList;
			buildConfigurations = (
				3B1FFB8C2A08E6D10091F676 /* Debug */,
				3B1FFB8D2A08E6D10091F676 /* Release */,
			);
			defaultConfigurationIsVisible = 0;
			defaultConfigurationName = Release;
		};
		3B1FFB8E2A08E6D10091F676 /* Build configuration list for PBXNativeTarget "maraphon#3Tests" */ = {
			isa = XCConfigurationList;
			buildConfigurations = (
				3B1FFB8F2A08E6D10091F676 /* Debug */,
				3B1FFB902A08E6D10091F676 /* Release */,
			);
			defaultConfigurationIsVisible = 0;
			defaultConfigurationName = Release;
		};
		3B1FFB912A08E6D10091F676 /* Build configuration list for PBXNativeTarget "maraphon#3UITests" */ = {
			isa = XCConfigurationList;
			buildConfigurations = (
				3B1FFB922A08E6D10091F676 /* Debug */,
				3B1FFB932A08E6D10091F676 /* Release */,
			);
			defaultConfigurationIsVisible = 0;
			defaultConfigurationName = Release;
		};
/* End XCConfigurationList section */
	};
	rootObject = 3B1FFB592A08E6D00091F676 /* Project object */;
}
